
Microsoft Visual Studio Solution File, Format Version 12.00
# Visual Studio Version 17
VisualStudioVersion = 17.2.32616.157
MinimumVisualStudioVersion = 10.0.40219.1
Project("{FAE04EC0-301F-11D3-BF4B-00C04F79EFBC}") = "operatorler", "operatorler\operatorler.csproj", "{26C10F06-6431-4E70-99B6-9704724C7FFC}"
EndProject
Global
	GlobalSection(SolutionConfigurationPlatforms) = preSolution
		Debug|Any CPU = Debug|Any CPU
		Release|Any CPU = Release|Any CPU
	EndGlobalSection
	GlobalSection(ProjectConfigurationPlatforms) = postSolution
		{26C10F06-6431-4E70-99B6-9704724C7FFC}.Debug|Any CPU.ActiveCfg = Debug|Any CPU
		{26C10F06-6431-4E70-99B6-9704724C7FFC}.Debug|Any CPU.Build.0 = Debug|Any CPU
		{26C10F06-6431-4E70-99B6-9704724C7FFC}.Release|Any CPU.ActiveCfg = Release|Any CPU
		{26C10F06-6431-4E70-99B6-9704724C7FFC}.Release|Any CPU.Build.0 = Release|Any CPU
	EndGlobalSection
	GlobalSection(SolutionProperties) = preSolution
		HideSolutionNode = FALSE
	EndGlobalSection
	GlobalSection(ExtensibilityGlobals) = postSolution
		SolutionGuid = {481C516D-6931-4BCF-9F0B-080BDB3397AE}
	EndGlobalSection
EndGlobal
